{
  "schemaVersion": 1,
  "tscircuit": {
    "version": "0.0.2261",
    "integrity": "sha512-pwJzfkh5UFE7lFRaKQE5tUDdMd7A1bl+NhX2dG+BY2EEfvaMFVQDJJc+BcT/zM6BvkMepxZCNOCAJFzqhxiEUw=="
  },
  "adapters": {
    "gerber": "circuit-json-to-gerber@0.0.90",
    "bom": "circuit-json-to-bom-csv@0.0.14",
    "pickAndPlace": "circuit-json-to-pnp-csv@0.0.9",
    "independentParser": "gerber-parser@4.2.7"
  },
  "profiles": {
    "pcboo-baseline-2-4layer": {
      "version": "1.6.0",
      "digest": "sha256:e58d733810e286fc52996496939c66153533537e2deff6fba17e3fe437a72ca4"
    }
  },
  "assets": {}
}
